// !$*UTF8*$!
{
	archiveVersion = 1;
	classes = {
	};
	objectVersion = 48;
	objects = {

/* Begin PBXBuildFile section */
		111109712002AEFC0000DBEF /* AppDelegate.swift in Sources */ = {isa = PBXBuildFile; fileRef = 111109702002AEFC0000DBEF /* AppDelegate.swift */; };
		111109732002AEFC0000DBEF /* ViewController.swift in Sources */ = {isa = PBXBuildFile; fileRef = 111109722002AEFC0000DBEF /* ViewController.swift */; };
		111109762002AEFC0000DBEF /* Main.storyboard in Resources */ = {isa = PBXBuildFile; fileRef = 111109742002AEFC0000DBEF /* Main.storyboard */; };
		111109782002AEFC0000DBEF /* Assets.xcassets in Resources */ = {isa = PBXBuildFile; fileRef = 111109772002AEFC0000DBEF /* Assets.xcassets */; };
		1111097B2002AEFC0000DBEF /* LaunchScreen.storyboard in Resources */ = {isa = PBXBuildFile; fileRef = 111109792002AEFC0000DBEF /* LaunchScreen.storyboard */; };
		11110AD02002B1410000DBEF /* commonmark.c in Sources */ = {isa = PBXBuildFile; fileRef = 11110AA92002B13D0000DBEF /* commonmark.c */; };
		11110AD12002B1410000DBEF /* utf8.c in Sources */ = {isa = PBXBuildFile; fileRef = 11110AAA2002B13D0000DBEF /* utf8.c */; };
		11110AD22002B1410000DBEF /* blocks.c in Sources */ = {isa = PBXBuildFile; fileRef = 11110AAB2002B13D0000DBEF /* blocks.c */; };
		11110AD42002B1410000DBEF /* html.c in Sources */ = {isa = PBXBuildFile; fileRef = 11110AB02002B13E0000DBEF /* html.c */; };
		11110AD52002B1410000DBEF /* scanners.c in Sources */ = {isa = PBXBuildFile; fileRef = 11110AB12002B13E0000DBEF /* scanners.c */; };
		11110AD62002B1410000DBEF /* buffer.c in Sources */ = {isa = PBXBuildFile; fileRef = 11110AB22002B13E0000DBEF /* buffer.c */; };
		11110AD72002B1410000DBEF /* config.h in Resources */ = {isa = PBXBuildFile; fileRef = 11110AB32002B13E0000DBEF /* config.h */; };
		11110AD82002B1410000DBEF /* xml.c in Sources */ = {isa = PBXBuildFile; fileRef = 11110AB42002B13E0000DBEF /* xml.c */; };
		11110AD92002B1410000DBEF /* references.c in Sources */ = {isa = PBXBuildFile; fileRef = 11110AB62002B13E0000DBEF /* references.c */; };
		11110ADA2002B1410000DBEF /* cmark.c in Sources */ = {isa = PBXBuildFile; fileRef = 11110AB72002B13E0000DBEF /* cmark.c */; };
		11110ADC2002B1410000DBEF /* houdini_href_e.c in Sources */ = {isa = PBXBuildFile; fileRef = 11110ABA2002B13E0000DBEF /* houdini_href_e.c */; };
		11110ADD2002B1410000DBEF /* latex.c in Sources */ = {isa = PBXBuildFile; fileRef = 11110ABC2002B13F0000DBEF /* latex.c */; };
		11110ADF2002B1410000DBEF /* render.c in Sources */ = {isa = PBXBuildFile; fileRef = 11110ABF2002B13F0000DBEF /* render.c */; };
		11110AE02002B1410000DBEF /* inlines.c in Sources */ = {isa = PBXBuildFile; fileRef = 11110AC12002B13F0000DBEF /* inlines.c */; };
		11110AE12002B1410000DBEF /* node.c in Sources */ = {isa = PBXBuildFile; fileRef = 11110AC22002B13F0000DBEF /* node.c */; };
		11110AE42002B1410000DBEF /* cmark_ctype.c in Sources */ = {isa = PBXBuildFile; fileRef = 11110AC72002B1400000DBEF /* cmark_ctype.c */; };
		11110AE52002B1410000DBEF /* houdini_html_e.c in Sources */ = {isa = PBXBuildFile; fileRef = 11110AC82002B1400000DBEF /* houdini_html_e.c */; };
		11110AE62002B1410000DBEF /* iterator.c in Sources */ = {isa = PBXBuildFile; fileRef = 11110AC92002B1400000DBEF /* iterator.c */; };
		11110AE72002B1410000DBEF /* man.c in Sources */ = {isa = PBXBuildFile; fileRef = 11110ACA2002B1400000DBEF /* man.c */; };
		11110AE82002B1410000DBEF /* houdini_html_u.c in Sources */ = {isa = PBXBuildFile; fileRef = 11110ACB2002B1400000DBEF /* houdini_html_u.c */; };
		11110AED2002B4560000DBEF /* buffer.h in Headers */ = {isa = PBXBuildFile; fileRef = 11110AB92002B13E0000DBEF /* buffer.h */; };
		11110AEE2002B4560000DBEF /* cmark_export.h in Headers */ = {isa = PBXBuildFile; fileRef = 11110AEA2002B2650000DBEF /* cmark_export.h */; };
		11110AEF2002B4560000DBEF /* cmark_version.h in Headers */ = {isa = PBXBuildFile; fileRef = 11110AEB2002B2F90000DBEF /* cmark_version.h */; };
		11110AF02002B4560000DBEF /* houdini.h in Headers */ = {isa = PBXBuildFile; fileRef = 11110AAE2002B13D0000DBEF /* houdini.h */; };
		11110AF12002B4560000DBEF /* inlines.h in Headers */ = {isa = PBXBuildFile; fileRef = 11110ABB2002B13F0000DBEF /* inlines.h */; };
		11110AF22002B4560000DBEF /* iterator.h in Headers */ = {isa = PBXBuildFile; fileRef = 11110AB52002B13E0000DBEF /* iterator.h */; };
		11110AF32002B4560000DBEF /* node.h in Headers */ = {isa = PBXBuildFile; fileRef = 11110ACD2002B1400000DBEF /* node.h */; };
		11110AF42002B4560000DBEF /* parser.h in Headers */ = {isa = PBXBuildFile; fileRef = 11110AAF2002B13E0000DBEF /* parser.h */; };
		11110AF52002B4560000DBEF /* references.h in Headers */ = {isa = PBXBuildFile; fileRef = 11110AA72002B13D0000DBEF /* references.h */; };
		11110AF62002B4560000DBEF /* render.h in Headers */ = {isa = PBXBuildFile; fileRef = 11110ABE2002B13F0000DBEF /* render.h */; };
		11110AF72002B4560000DBEF /* scanners.h in Headers */ = {isa = PBXBuildFile; fileRef = 11110AC02002B13F0000DBEF /* scanners.h */; };
		11110AF82002B4560000DBEF /* utf8.h in Headers */ = {isa = PBXBuildFile; fileRef = 11110ACE2002B1410000DBEF /* utf8.h */; };
		11110AF92002B46C0000DBEF /* cmark.h in Headers */ = {isa = PBXBuildFile; fileRef = 11110AC32002B13F0000DBEF /* cmark.h */; };
		11110AFA2002B4820000DBEF /* cmark_ctype.h in Headers */ = {isa = PBXBuildFile; fileRef = 11110AAC2002B13D0000DBEF /* cmark_ctype.h */; };
		11110AFB2002B4A00000DBEF /* chunk.h in Headers */ = {isa = PBXBuildFile; fileRef = 11110AC62002B1400000DBEF /* chunk.h */; };
		11110AFC2002B4A00000DBEF /* config.h in Headers */ = {isa = PBXBuildFile; fileRef = 11110AB32002B13E0000DBEF /* config.h */; };
		11135D88200E870F0063B538 /* Node.swift in Sources */ = {isa = PBXBuildFile; fileRef = 11135D87200E870F0063B538 /* Node.swift */; };
		11135D8A200E87200063B538 /* NodeAST.swift in Sources */ = {isa = PBXBuildFile; fileRef = 11135D89200E87200063B538 /* NodeAST.swift */; };
		11A3F457200FBE81002825BF /* Renderer.swift in Sources */ = {isa = PBXBuildFile; fileRef = 11A3F456200FBE81002825BF /* Renderer.swift */; };
/* End PBXBuildFile section */

/* Begin PBXFileReference section */
		1111096D2002AEFC0000DBEF /* SnappyMarkdown.app */ = {isa = PBXFileReference; explicitFileType = wrapper.application; includeInIndex = 0; path = SnappyMarkdown.app; sourceTree = BUILT_PRODUCTS_DIR; };
		111109702002AEFC0000DBEF /* AppDelegate.swift */ = {isa = PBXFileReference; lastKnownFileType = sourcecode.swift; path = AppDelegate.swift; sourceTree = "<group>"; };
		111109722002AEFC0000DBEF /* ViewController.swift */ = {isa = PBXFileReference; lastKnownFileType = sourcecode.swift; path = ViewController.swift; sourceTree = "<group>"; };
		111109752002AEFC0000DBEF /* Base */ = {isa = PBXFileReference; lastKnownFileType = file.storyboard; name = Base; path = Base.lproj/Main.storyboard; sourceTree = "<group>"; };
		111109772002AEFC0000DBEF /* Assets.xcassets */ = {isa = PBXFileReference; lastKnownFileType = folder.assetcatalog; path = Assets.xcassets; sourceTree = "<group>"; };
		1111097A2002AEFC0000DBEF /* Base */ = {isa = PBXFileReference; lastKnownFileType = file.storyboard; name = Base; path = Base.lproj/LaunchScreen.storyboard; sourceTree = "<group>"; };
		1111097C2002AEFC0000DBEF /* Info.plist */ = {isa = PBXFileReference; lastKnownFileType = text.plist.xml; path = Info.plist; sourceTree = "<group>"; };
		11110AA72002B13D0000DBEF /* references.h */ = {isa = PBXFileReference; fileEncoding = 4; lastKnownFileType = sourcecode.c.h; path = references.h; sourceTree = "<group>"; };
		11110AA92002B13D0000DBEF /* commonmark.c */ = {isa = PBXFileReference; fileEncoding = 4; lastKnownFileType = sourcecode.c.c; path = commonmark.c; sourceTree = "<group>"; };
		11110AAA2002B13D0000DBEF /* utf8.c */ = {isa = PBXFileReference; fileEncoding = 4; lastKnownFileType = sourcecode.c.c; path = utf8.c; sourceTree = "<group>"; };
		11110AAB2002B13D0000DBEF /* blocks.c */ = {isa = PBXFileReference; fileEncoding = 4; lastKnownFileType = sourcecode.c.c; path = blocks.c; sourceTree = "<group>"; };
		11110AAC2002B13D0000DBEF /* cmark_ctype.h */ = {isa = PBXFileReference; fileEncoding = 4; lastKnownFileType = sourcecode.c.h; path = cmark_ctype.h; sourceTree = "<group>"; };
		11110AAE2002B13D0000DBEF /* houdini.h */ = {isa = PBXFileReference; fileEncoding = 4; lastKnownFileType = sourcecode.c.h; path = houdini.h; sourceTree = "<group>"; };
		11110AAF2002B13E0000DBEF /* parser.h */ = {isa = PBXFileReference; fileEncoding = 4; lastKnownFileType = sourcecode.c.h; path = parser.h; sourceTree = "<group>"; };
		11110AB02002B13E0000DBEF /* html.c */ = {isa = PBXFileReference; fileEncoding = 4; lastKnownFileType = sourcecode.c.c; path = html.c; sourceTree = "<group>"; };
		11110AB12002B13E0000DBEF /* scanners.c */ = {isa = PBXFileReference; fileEncoding = 4; lastKnownFileType = sourcecode.c.c; path = scanners.c; sourceTree = "<group>"; };
		11110AB22002B13E0000DBEF /* buffer.c */ = {isa = PBXFileReference; fileEncoding = 4; lastKnownFileType = sourcecode.c.c; path = buffer.c; sourceTree = "<group>"; };
		11110AB32002B13E0000DBEF /* config.h */ = {isa = PBXFileReference; fileEncoding = 4; lastKnownFileType = sourcecode.c.h; path = config.h; sourceTree = "<group>"; };
		11110AB42002B13E0000DBEF /* xml.c */ = {isa = PBXFileReference; fileEncoding = 4; lastKnownFileType = sourcecode.c.c; path = xml.c; sourceTree = "<group>"; };
		11110AB52002B13E0000DBEF /* iterator.h */ = {isa = PBXFileReference; fileEncoding = 4; lastKnownFileType = sourcecode.c.h; path = iterator.h; sourceTree = "<group>"; };
		11110AB62002B13E0000DBEF /* references.c */ = {isa = PBXFileReference; fileEncoding = 4; lastKnownFileType = sourcecode.c.c; path = references.c; sourceTree = "<group>"; };
		11110AB72002B13E0000DBEF /* cmark.c */ = {isa = PBXFileReference; fileEncoding = 4; lastKnownFileType = sourcecode.c.c; path = cmark.c; sourceTree = "<group>"; };
		11110AB92002B13E0000DBEF /* buffer.h */ = {isa = PBXFileReference; fileEncoding = 4; lastKnownFileType = sourcecode.c.h; path = buffer.h; sourceTree = "<group>"; };
		11110ABA2002B13E0000DBEF /* houdini_href_e.c */ = {isa = PBXFileReference; fileEncoding = 4; lastKnownFileType = sourcecode.c.c; path = houdini_href_e.c; sourceTree = "<group>"; };
		11110ABB2002B13F0000DBEF /* inlines.h */ = {isa = PBXFileReference; fileEncoding = 4; lastKnownFileType = sourcecode.c.h; path = inlines.h; sourceTree = "<group>"; };
		11110ABC2002B13F0000DBEF /* latex.c */ = {isa = PBXFileReference; fileEncoding = 4; lastKnownFileType = sourcecode.c.c; path = latex.c; sourceTree = "<group>"; };
		11110ABE2002B13F0000DBEF /* render.h */ = {isa = PBXFileReference; fileEncoding = 4; lastKnownFileType = sourcecode.c.h; path = render.h; sourceTree = "<group>"; };
		11110ABF2002B13F0000DBEF /* render.c */ = {isa = PBXFileReference; fileEncoding = 4; lastKnownFileType = sourcecode.c.c; path = render.c; sourceTree = "<group>"; };
		11110AC02002B13F0000DBEF /* scanners.h */ = {isa = PBXFileReference; fileEncoding = 4; lastKnownFileType = sourcecode.c.h; path = scanners.h; sourceTree = "<group>"; };
		11110AC12002B13F0000DBEF /* inlines.c */ = {isa = PBXFileReference; fileEncoding = 4; lastKnownFileType = sourcecode.c.c; path = inlines.c; sourceTree = "<group>"; };
		11110AC22002B13F0000DBEF /* node.c */ = {isa = PBXFileReference; fileEncoding = 4; lastKnownFileType = sourcecode.c.c; path = node.c; sourceTree = "<group>"; };
		11110AC32002B13F0000DBEF /* cmark.h */ = {isa = PBXFileReference; fileEncoding = 4; lastKnownFileType = sourcecode.c.h; path = cmark.h; sourceTree = "<group>"; };
		11110AC62002B1400000DBEF /* chunk.h */ = {isa = PBXFileReference; fileEncoding = 4; lastKnownFileType = sourcecode.c.h; path = chunk.h; sourceTree = "<group>"; };
		11110AC72002B1400000DBEF /* cmark_ctype.c */ = {isa = PBXFileReference; fileEncoding = 4; lastKnownFileType = sourcecode.c.c; path = cmark_ctype.c; sourceTree = "<group>"; };
		11110AC82002B1400000DBEF /* houdini_html_e.c */ = {isa = PBXFileReference; fileEncoding = 4; lastKnownFileType = sourcecode.c.c; path = houdini_html_e.c; sourceTree = "<group>"; };
		11110AC92002B1400000DBEF /* iterator.c */ = {isa = PBXFileReference; fileEncoding = 4; lastKnownFileType = sourcecode.c.c; path = iterator.c; sourceTree = "<group>"; };
		11110ACA2002B1400000DBEF /* man.c */ = {isa = PBXFileReference; fileEncoding = 4; lastKnownFileType = sourcecode.c.c; path = man.c; sourceTree = "<group>"; };
		11110ACB2002B1400000DBEF /* houdini_html_u.c */ = {isa = PBXFileReference; fileEncoding = 4; lastKnownFileType = sourcecode.c.c; path = houdini_html_u.c; sourceTree = "<group>"; };
		11110ACD2002B1400000DBEF /* node.h */ = {isa = PBXFileReference; fileEncoding = 4; lastKnownFileType = sourcecode.c.h; path = node.h; sourceTree = "<group>"; };
		11110ACE2002B1410000DBEF /* utf8.h */ = {isa = PBXFileReference; fileEncoding = 4; lastKnownFileType = sourcecode.c.h; path = utf8.h; sourceTree = "<group>"; };
		11110AEA2002B2650000DBEF /* cmark_export.h */ = {isa = PBXFileReference; lastKnownFileType = sourcecode.c.h; path = cmark_export.h; sourceTree = "<group>"; };
		11110AEB2002B2F90000DBEF /* cmark_version.h */ = {isa = PBXFileReference; lastKnownFileType = sourcecode.c.h; path = cmark_version.h; sourceTree = "<group>"; };
		11110B082002BE090000DBEF /* SnappyMarkdown-Bridging-Header.h */ = {isa = PBXFileReference; lastKnownFileType = sourcecode.c.h; path = "SnappyMarkdown-Bridging-Header.h"; sourceTree = "<group>"; };
		11135D87200E870F0063B538 /* Node.swift */ = {isa = PBXFileReference; lastKnownFileType = sourcecode.swift; path = Node.swift; sourceTree = "<group>"; };
		11135D89200E87200063B538 /* NodeAST.swift */ = {isa = PBXFileReference; lastKnownFileType = sourcecode.swift; path = NodeAST.swift; sourceTree = "<group>"; };
		11A3F456200FBE81002825BF /* Renderer.swift */ = {isa = PBXFileReference; lastKnownFileType = sourcecode.swift; path = Renderer.swift; sourceTree = "<group>"; };
/* End PBXFileReference section */

/* Begin PBXFrameworksBuildPhase section */
		1111096A2002AEFC0000DBEF /* Frameworks */ = {
			isa = PBXFrameworksBuildPhase;
			buildActionMask = 2147483647;
			files = (
			);
			runOnlyForDeploymentPostprocessing = 0;
		};
/* End PBXFrameworksBuildPhase section */

/* Begin PBXGroup section */
		111109642002AEFC0000DBEF = {
			isa = PBXGroup;
			children = (
				1111096F2002AEFC0000DBEF /* SnappyMarkdown */,
				1111096E2002AEFC0000DBEF /* Products */,
			);
			sourceTree = "<group>";
		};
		1111096E2002AEFC0000DBEF /* Products */ = {
			isa = PBXGroup;
			children = (
				1111096D2002AEFC0000DBEF /* SnappyMarkdown.app */,
			);
			name = Products;
			sourceTree = "<group>";
		};
		1111096F2002AEFC0000DBEF /* SnappyMarkdown */ = {
			isa = PBXGroup;
			children = (
				11110B082002BE090000DBEF /* SnappyMarkdown-Bridging-Header.h */,
				111109822002B00A0000DBEF /* cmark */,
				111109702002AEFC0000DBEF /* AppDelegate.swift */,
				111109722002AEFC0000DBEF /* ViewController.swift */,
				11135D87200E870F0063B538 /* Node.swift */,
				11135D89200E87200063B538 /* NodeAST.swift */,
				11A3F456200FBE81002825BF /* Renderer.swift */,
				111109742002AEFC0000DBEF /* Main.storyboard */,
				111109772002AEFC0000DBEF /* Assets.xcassets */,
				111109792002AEFC0000DBEF /* LaunchScreen.storyboard */,
				1111097C2002AEFC0000DBEF /* Info.plist */,
			);
			path = SnappyMarkdown;
			sourceTree = "<group>";
		};
		111109822002B00A0000DBEF /* cmark */ = {
			isa = PBXGroup;
			children = (
				11110AAB2002B13D0000DBEF /* blocks.c */,
				11110AB22002B13E0000DBEF /* buffer.c */,
				11110AB92002B13E0000DBEF /* buffer.h */,
				11110AC62002B1400000DBEF /* chunk.h */,
				11110AC72002B1400000DBEF /* cmark_ctype.c */,
				11110AAC2002B13D0000DBEF /* cmark_ctype.h */,
				11110AEA2002B2650000DBEF /* cmark_export.h */,
				11110AEB2002B2F90000DBEF /* cmark_version.h */,
				11110AB72002B13E0000DBEF /* cmark.c */,
				11110AC32002B13F0000DBEF /* cmark.h */,
				11110AA92002B13D0000DBEF /* commonmark.c */,
				11110AB32002B13E0000DBEF /* config.h */,
				11110ABA2002B13E0000DBEF /* houdini_href_e.c */,
				11110AC82002B1400000DBEF /* houdini_html_e.c */,
				11110ACB2002B1400000DBEF /* houdini_html_u.c */,
				11110AAE2002B13D0000DBEF /* houdini.h */,
				11110AB02002B13E0000DBEF /* html.c */,
				11110AC12002B13F0000DBEF /* inlines.c */,
				11110ABB2002B13F0000DBEF /* inlines.h */,
				11110AC92002B1400000DBEF /* iterator.c */,
				11110AB52002B13E0000DBEF /* iterator.h */,
				11110ABC2002B13F0000DBEF /* latex.c */,
				11110ACA2002B1400000DBEF /* man.c */,
				11110AC22002B13F0000DBEF /* node.c */,
				11110ACD2002B1400000DBEF /* node.h */,
				11110AAF2002B13E0000DBEF /* parser.h */,
				11110AB62002B13E0000DBEF /* references.c */,
				11110AA72002B13D0000DBEF /* references.h */,
				11110ABF2002B13F0000DBEF /* render.c */,
				11110ABE2002B13F0000DBEF /* render.h */,
				11110AB12002B13E0000DBEF /* scanners.c */,
				11110AC02002B13F0000DBEF /* scanners.h */,
				11110AAA2002B13D0000DBEF /* utf8.c */,
				11110ACE2002B1410000DBEF /* utf8.h */,
				11110AB42002B13E0000DBEF /* xml.c */,
			);
			path = cmark;
			sourceTree = "<group>";
		};
/* End PBXGroup section */

/* Begin PBXHeadersBuildPhase section */
		11110AEC2002B4400000DBEF /* Headers */ = {
			isa = PBXHeadersBuildPhase;
			buildActionMask = 2147483647;
			files = (
				11110AFB2002B4A00000DBEF /* chunk.h in Headers */,
				11110AFC2002B4A00000DBEF /* config.h in Headers */,
				11110AF32002B4560000DBEF /* node.h in Headers */,
				11110AF92002B46C0000DBEF /* cmark.h in Headers */,
				11110AF02002B4560000DBEF /* houdini.h in Headers */,
				11110AFA2002B4820000DBEF /* cmark_ctype.h in Headers */,
				11110AF22002B4560000DBEF /* iterator.h in Headers */,
				11110AED2002B4560000DBEF /* buffer.h in Headers */,
				11110AEE2002B4560000DBEF /* cmark_export.h in Headers */,
				11110AEF2002B4560000DBEF /* cmark_version.h in Headers */,
				11110AF12002B4560000DBEF /* inlines.h in Headers */,
				11110AF42002B4560000DBEF /* parser.h in Headers */,
				11110AF52002B4560000DBEF /* references.h in Headers */,
				11110AF62002B4560000DBEF /* render.h in Headers */,
				11110AF72002B4560000DBEF /* scanners.h in Headers */,
				11110AF82002B4560000DBEF /* utf8.h in Headers */,
			);
			runOnlyForDeploymentPostprocessing = 0;
		};
/* End PBXHeadersBuildPhase section */

/* Begin PBXNativeTarget section */
		1111096C2002AEFC0000DBEF /* SnappyMarkdown */ = {
			isa = PBXNativeTarget;
			buildConfigurationList = 1111097F2002AEFC0000DBEF /* Build configuration list for PBXNativeTarget "SnappyMarkdown" */;
			buildPhases = (
				111109692002AEFC0000DBEF /* Sources */,
				1111096A2002AEFC0000DBEF /* Frameworks */,
				1111096B2002AEFC0000DBEF /* Resources */,
				11110AEC2002B4400000DBEF /* Headers */,
			);
			buildRules = (
			);
			dependencies = (
			);
			name = SnappyMarkdown;
			productName = SnappyMarkdown;
			productReference = 1111096D2002AEFC0000DBEF /* SnappyMarkdown.app */;
			productType = "com.apple.product-type.application";
		};
/* End PBXNativeTarget section */

/* Begin PBXProject section */
		111109652002AEFC0000DBEF /* Project object */ = {
			isa = PBXProject;
			attributes = {
				LastSwiftUpdateCheck = 0920;
				LastUpgradeCheck = 0920;
				ORGANIZATIONNAME = "Alexander Guschin";
				TargetAttributes = {
					1111096C2002AEFC0000DBEF = {
						CreatedOnToolsVersion = 9.2;
						LastSwiftMigration = 0920;
						ProvisioningStyle = Automatic;
					};
				};
			};
			buildConfigurationList = 111109682002AEFC0000DBEF /* Build configuration list for PBXProject "SnappyMarkdown" */;
			compatibilityVersion = "Xcode 8.0";
			developmentRegion = en;
			hasScannedForEncodings = 0;
			knownRegions = (
				en,
				Base,
			);
			mainGroup = 111109642002AEFC0000DBEF;
			productRefGroup = 1111096E2002AEFC0000DBEF /* Products */;
			projectDirPath = "";
			projectRoot = "";
			targets = (
				1111096C2002AEFC0000DBEF /* SnappyMarkdown */,
			);
		};
/* End PBXProject section */

/* Begin PBXResourcesBuildPhase section */
		1111096B2002AEFC0000DBEF /* Resources */ = {
			isa = PBXResourcesBuildPhase;
			buildActionMask = 2147483647;
			files = (
				1111097B2002AEFC0000DBEF /* LaunchScreen.storyboard in Resources */,
				11110AD72002B1410000DBEF /* config.h in Resources */,
				111109782002AEFC0000DBEF /* Assets.xcassets in Resources */,
				111109762002AEFC0000DBEF /* Main.storyboard in Resources */,
			);
			runOnlyForDeploymentPostprocessing = 0;
		};
/* End PBXResourcesBuildPhase section */

/* Begin PBXSourcesBuildPhase section */
		111109692002AEFC0000DBEF /* Sources */ = {
			isa = PBXSourcesBuildPhase;
			buildActionMask = 2147483647;
			files = (
				11110AE72002B1410000DBEF /* man.c in Sources */,
				11110AD52002B1410000DBEF /* scanners.c in Sources */,
				11110AE62002B1410000DBEF /* iterator.c in Sources */,
				11135D88200E870F0063B538 /* Node.swift in Sources */,
				11110AE52002B1410000DBEF /* houdini_html_e.c in Sources */,
				11110AD42002B1410000DBEF /* html.c in Sources */,
				11110AD12002B1410000DBEF /* utf8.c in Sources */,
				111109732002AEFC0000DBEF /* ViewController.swift in Sources */,
				11110AD62002B1410000DBEF /* buffer.c in Sources */,
				11110AD82002B1410000DBEF /* xml.c in Sources */,
				11110ADD2002B1410000DBEF /* latex.c in Sources */,
				11110ADC2002B1410000DBEF /* houdini_href_e.c in Sources */,
				11110ADA2002B1410000DBEF /* cmark.c in Sources */,
				11110AD92002B1410000DBEF /* references.c in Sources */,
				11135D8A200E87200063B538 /* NodeAST.swift in Sources */,
				11110AE82002B1410000DBEF /* houdini_html_u.c in Sources */,
				11A3F457200FBE81002825BF /* Renderer.swift in Sources */,
				11110AD02002B1410000DBEF /* commonmark.c in Sources */,
				11110AD22002B1410000DBEF /* blocks.c in Sources */,
				11110AE12002B1410000DBEF /* node.c in Sources */,
				11110AE42002B1410000DBEF /* cmark_ctype.c in Sources */,
				11110AE02002B1410000DBEF /* inlines.c in Sources */,
				11110ADF2002B1410000DBEF /* render.c in Sources */,
				111109712002AEFC0000DBEF /* AppDelegate.swift in Sources */,
			);
			runOnlyForDeploymentPostprocessing = 0;
		};
/* End PBXSourcesBuildPhase section */

/* Begin PBXVariantGroup section */
		111109742002AEFC0000DBEF /* Main.storyboard */ = {
			isa = PBXVariantGroup;
			children = (
				111109752002AEFC0000DBEF /* Base */,
			);
			name = Main.storyboard;
			sourceTree = "<group>";
		};
		111109792002AEFC0000DBEF /* LaunchScreen.storyboard */ = {
			isa = PBXVariantGroup;
			children = (
				1111097A2002AEFC0000DBEF /* Base */,
			);
			name = LaunchScreen.storyboard;
			sourceTree = "<group>";
		};
/* End PBXVariantGroup section */

/* Begin XCBuildConfiguration section */
		1111097D2002AEFC0000DBEF /* Debug */ = {
			isa = XCBuildConfiguration;
			buildSettings = {
				ALWAYS_SEARCH_USER_PATHS = NO;
				CLANG_ANALYZER_NONNULL = YES;
				CLANG_ANALYZER_NUMBER_OBJECT_CONVERSION = YES_AGGRESSIVE;
				CLANG_CXX_LANGUAGE_STANDARD = "gnu++14";
				CLANG_CXX_LIBRARY = "libc++";
				CLANG_ENABLE_MODULES = YES;
				CLANG_ENABLE_OBJC_ARC = YES;
				CLANG_WARN_BLOCK_CAPTURE_AUTORELEASING = YES;
				CLANG_WARN_BOOL_CONVERSION = YES;
				CLANG_WARN_COMMA = YES;
				CLANG_WARN_CONSTANT_CONVERSION = YES;
				CLANG_WARN_DIRECT_OBJC_ISA_USAGE = YES_ERROR;
				CLANG_WARN_DOCUMENTATION_COMMENTS = YES;
				CLANG_WARN_EMPTY_BODY = YES;
				CLANG_WARN_ENUM_CONVERSION = YES;
				CLANG_WARN_INFINITE_RECURSION = YES;
				CLANG_WARN_INT_CONVERSION = YES;
				CLANG_WARN_NON_LITERAL_NULL_CONVERSION = YES;
				CLANG_WARN_OBJC_LITERAL_CONVERSION = YES;
				CLANG_WARN_OBJC_ROOT_CLASS = YES_ERROR;
				CLANG_WARN_RANGE_LOOP_ANALYSIS = YES;
				CLANG_WARN_STRICT_PROTOTYPES = YES;
				CLANG_WARN_SUSPICIOUS_MOVE = YES;
				CLANG_WARN_UNGUARDED_AVAILABILITY = YES_AGGRESSIVE;
				CLANG_WARN_UNREACHABLE_CODE = YES;
				CLANG_WARN__DUPLICATE_METHOD_MATCH = YES;
				CODE_SIGN_IDENTITY = "iPhone Developer";
				COPY_PHASE_STRIP = NO;
				DEBUG_INFORMATION_FORMAT = dwarf;
				ENABLE_STRICT_OBJC_MSGSEND = YES;
				ENABLE_TESTABILITY = YES;
				GCC_C_LANGUAGE_STANDARD = gnu11;
				GCC_DYNAMIC_NO_PIC = NO;
				GCC_NO_COMMON_BLOCKS = YES;
				GCC_OPTIMIZATION_LEVEL = 0;
				GCC_PREPROCESSOR_DEFINITIONS = (
					"DEBUG=1",
					"$(inherited)",
				);
				GCC_WARN_64_TO_32_BIT_CONVERSION = YES;
				GCC_WARN_ABOUT_RETURN_TYPE = YES_ERROR;
				GCC_WARN_UNDECLARED_SELECTOR = YES;
				GCC_WARN_UNINITIALIZED_AUTOS = YES_AGGRESSIVE;
				GCC_WARN_UNUSED_FUNCTION = YES;
				GCC_WARN_UNUSED_VARIABLE = YES;
				IPHONEOS_DEPLOYMENT_TARGET = 11.2;
				MTL_ENABLE_DEBUG_INFO = YES;
				ONLY_ACTIVE_ARCH = YES;
				SDKROOT = iphoneos;
				SWIFT_ACTIVE_COMPILATION_CONDITIONS = DEBUG;
				SWIFT_INCLUDE_PATHS = "";
				SWIFT_OPTIMIZATION_LEVEL = "-Onone";
			};
			name = Debug;
		};
		1111097E2002AEFC0000DBEF /* Release */ = {
			isa = XCBuildConfiguration;
			buildSettings = {
				ALWAYS_SEARCH_USER_PATHS = NO;
				CLANG_ANALYZER_NONNULL = YES;
				CLANG_ANALYZER_NUMBER_OBJECT_CONVERSION = YES_AGGRESSIVE;
				CLANG_CXX_LANGUAGE_STANDARD = "gnu++14";
				CLANG_CXX_LIBRARY = "libc++";
				CLANG_ENABLE_MODULES = YES;
				CLANG_ENABLE_OBJC_ARC = YES;
				CLANG_WARN_BLOCK_CAPTURE_AUTORELEASING = YES;
				CLANG_WARN_BOOL_CONVERSION = YES;
				CLANG_WARN_COMMA = YES;
				CLANG_WARN_CONSTANT_CONVERSION = YES;
				CLANG_WARN_DIRECT_OBJC_ISA_USAGE = YES_ERROR;
				CLANG_WARN_DOCUMENTATION_COMMENTS = YES;
				CLANG_WARN_EMPTY_BODY = YES;
				CLANG_WARN_ENUM_CONVERSION = YES;
				CLANG_WARN_INFINITE_RECURSION = YES;
				CLANG_WARN_INT_CONVERSION = YES;
				CLANG_WARN_NON_LITERAL_NULL_CONVERSION = YES;
				CLANG_WARN_OBJC_LITERAL_CONVERSION = YES;
				CLANG_WARN_OBJC_ROOT_CLASS = YES_ERROR;
				CLANG_WARN_RANGE_LOOP_ANALYSIS = YES;
				CLANG_WARN_STRICT_PROTOTYPES = YES;
				CLANG_WARN_SUSPICIOUS_MOVE = YES;
				CLANG_WARN_UNGUARDED_AVAILABILITY = YES_AGGRESSIVE;
				CLANG_WARN_UNREACHABLE_CODE = YES;
				CLANG_WARN__DUPLICATE_METHOD_MATCH = YES;
				CODE_SIGN_IDENTITY = "iPhone Developer";
				COPY_PHASE_STRIP = NO;
				DEBUG_INFORMATION_FORMAT = "dwarf-with-dsym";
				ENABLE_NS_ASSERTIONS = NO;
				ENABLE_STRICT_OBJC_MSGSEND = YES;
				GCC_C_LANGUAGE_STANDARD = gnu11;
				GCC_NO_COMMON_BLOCKS = YES;
				GCC_WARN_64_TO_32_BIT_CONVERSION = YES;
				GCC_WARN_ABOUT_RETURN_TYPE = YES_ERROR;
				GCC_WARN_UNDECLARED_SELECTOR = YES;
				GCC_WARN_UNINITIALIZED_AUTOS = YES_AGGRESSIVE;
				GCC_WARN_UNUSED_FUNCTION = YES;
				GCC_WARN_UNUSED_VARIABLE = YES;
				IPHONEOS_DEPLOYMENT_TARGET = 11.2;
				MTL_ENABLE_DEBUG_INFO = NO;
				SDKROOT = iphoneos;
				SWIFT_INCLUDE_PATHS = "";
				SWIFT_OPTIMIZATION_LEVEL = "-Owholemodule";
				VALIDATE_PRODUCT = YES;
			};
			name = Release;
		};
		111109802002AEFC0000DBEF /* Debug */ = {
			isa = XCBuildConfiguration;
			buildSettings = {
				ASSETCATALOG_COMPILER_APPICON_NAME = AppIcon;
				CLANG_ENABLE_MODULES = YES;
				CODE_SIGN_STYLE = Automatic;
				DEVELOPMENT_TEAM = LB83DKTVND;
				INFOPLIST_FILE = SnappyMarkdown/Info.plist;
				LD_RUNPATH_SEARCH_PATHS = "$(inherited) @executable_path/Frameworks";
				PRODUCT_BUNDLE_IDENTIFIER = io.ragon.github.SnappyMarkdown;
				PRODUCT_NAME = "$(TARGET_NAME)";
				SWIFT_INCLUDE_PATHS = "";
				SWIFT_OBJC_BRIDGING_HEADER = "SnappyMarkdown/SnappyMarkdown-Bridging-Header.h";
				SWIFT_OPTIMIZATION_LEVEL = "-Onone";
				SWIFT_VERSION = 4.0;
				TARGETED_DEVICE_FAMILY = "1,2";
			};
			name = Debug;
		};
		111109812002AEFC0000DBEF /* Release */ = {
			isa = XCBuildConfiguration;
			buildSettings = {
				ASSETCATALOG_COMPILER_APPICON_NAME = AppIcon;
				CLANG_ENABLE_MODULES = YES;
				CODE_SIGN_STYLE = Automatic;
				DEVELOPMENT_TEAM = LB83DKTVND;
				INFOPLIST_FILE = SnappyMarkdown/Info.plist;
				LD_RUNPATH_SEARCH_PATHS = "$(inherited) @executable_path/Frameworks";
				PRODUCT_BUNDLE_IDENTIFIER = io.ragon.github.SnappyMarkdown;
				PRODUCT_NAME = "$(TARGET_NAME)";
				SWIFT_INCLUDE_PATHS = "";
				SWIFT_OBJC_BRIDGING_HEADER = "SnappyMarkdown/SnappyMarkdown-Bridging-Header.h";
				SWIFT_VERSION = 4.0;
				TARGETED_DEVICE_FAMILY = "1,2";
			};
			name = Release;
		};
/* End XCBuildConfiguration section */

/* Begin XCConfigurationList section */
		111109682002AEFC0000DBEF /* Build configuration list for PBXProject "SnappyMarkdown" */ = {
			isa = XCConfigurationList;
			buildConfigurations = (
				1111097D2002AEFC0000DBEF /* Debug */,
				1111097E2002AEFC0000DBEF /* Release */,
			);
			defaultConfigurationIsVisible = 0;
			defaultConfigurationName = Release;
		};
		1111097F2002AEFC0000DBEF /* Build configuration list for PBXNativeTarget "SnappyMarkdown" */ = {
			isa = XCConfigurationList;
			buildConfigurations = (
				111109802002AEFC0000DBEF /* Debug */,
				111109812002AEFC0000DBEF /* Release */,
			);
			defaultConfigurationIsVisible = 0;
			defaultConfigurationName = Release;
		};
/* End XCConfigurationList section */
	};
	rootObject = 111109652002AEFC0000DBEF /* Project object */;
}
